
Microsoft Visual Studio Solution File, Format Version 12.00
# Visual Studio Version 17
VisualStudioVersion = 17.6.33815.320
MinimumVisualStudioVersion = 10.0.40219.1
Project("{FAE04EC0-301F-11D3-BF4B-00C04F79EFBC}") = "HomeworkApp", "HomeworkApp\HomeworkApp.csproj", "{2661F846-FF3F-4294-995C-B0FE83A33044}"
EndProject
Global
	GlobalSection(SolutionConfigurationPlatforms) = preSolution
		Debug|Any CPU = Debug|Any CPU
		Release|Any CPU = Release|Any CPU
	EndGlobalSection
	GlobalSection(ProjectConfigurationPlatforms) = postSolution
		{2661F846-FF3F-4294-995C-B0FE83A33044}.Debug|Any CPU.ActiveCfg = Debug|Any CPU
		{2661F846-FF3F-4294-995C-B0FE83A33044}.Debug|Any CPU.Build.0 = Debug|Any CPU
		{2661F846-FF3F-4294-995C-B0FE83A33044}.Release|Any CPU.ActiveCfg = Release|Any CPU
		{2661F846-FF3F-4294-995C-B0FE83A33044}.Release|Any CPU.Build.0 = Release|Any CPU
	EndGlobalSection
	GlobalSection(SolutionProperties) = preSolution
		HideSolutionNode = FALSE
	EndGlobalSection
	GlobalSection(ExtensibilityGlobals) = postSolution
		SolutionGuid = {BB22FB9F-4F72-4A97-A063-15D8AE3673BB}
	EndGlobalSection
EndGlobal
